// !$*UTF8*$!
{
	archiveVersion = 1;
	classes = {
	};
	objectVersion = 48;
	objects = {

/* Begin PBXBuildFile section */
		3A20BA8F9F101340F336A3EE /* Pods_smack.framework in Frameworks */ = {isa = PBXBuildFile; fileRef = 8411D34CB0BB393BB22A211F /* Pods_smack.framework */; };
		FECEA5C020A40FC600D1E36E /* AppDelegate.swift in Sources */ = {isa = PBXBuildFile; fileRef = FECEA5BF20A40FC600D1E36E /* AppDelegate.swift */; };
		FECEA5C520A40FC600D1E36E /* Main.storyboard in Resources */ = {isa = PBXBuildFile; fileRef = FECEA5C320A40FC600D1E36E /* Main.storyboard */; };
		FECEA5C720A40FC700D1E36E /* Assets.xcassets in Resources */ = {isa = PBXBuildFile; fileRef = FECEA5C620A40FC700D1E36E /* Assets.xcassets */; };
		FECEA5CA20A40FC700D1E36E /* LaunchScreen.storyboard in Resources */ = {isa = PBXBuildFile; fileRef = FECEA5C820A40FC700D1E36E /* LaunchScreen.storyboard */; };
		FECEA5DA20A69DDD00D1E36E /* ChatVC.swift in Sources */ = {isa = PBXBuildFile; fileRef = FECEA5D920A69DDD00D1E36E /* ChatVC.swift */; };
		FECEA5DC20A69DF200D1E36E /* ChannelVC.swift in Sources */ = {isa = PBXBuildFile; fileRef = FECEA5DB20A69DF200D1E36E /* ChannelVC.swift */; };
		FECEA5E320A6A41500D1E36E /* SWRevealViewController.m in Sources */ = {isa = PBXBuildFile; fileRef = FECEA5E220A6A41400D1E36E /* SWRevealViewController.m */; };
		FECEA60820A6B6DC00D1E36E /* GradientView.swift in Sources */ = {isa = PBXBuildFile; fileRef = FECEA60720A6B6DC00D1E36E /* GradientView.swift */; };
		FECEA60B20A6DC6200D1E36E /* Constants.swift in Sources */ = {isa = PBXBuildFile; fileRef = FECEA60A20A6DC6200D1E36E /* Constants.swift */; };
		FECEA60D20A6E2E000D1E36E /* LoginVC.swift in Sources */ = {isa = PBXBuildFile; fileRef = FECEA60C20A6E2E000D1E36E /* LoginVC.swift */; };
		FECEA60F20A6E83300D1E36E /* CreateAcountVC.swift in Sources */ = {isa = PBXBuildFile; fileRef = FECEA60E20A6E83300D1E36E /* CreateAcountVC.swift */; };
/* End PBXBuildFile section */

/* Begin PBXFileReference section */
		7A88B6BA1365348F4BCD2A5F /* Pods-smack.release.xcconfig */ = {isa = PBXFileReference; includeInIndex = 1; lastKnownFileType = text.xcconfig; name = "Pods-smack.release.xcconfig"; path = "Pods/Target Support Files/Pods-smack/Pods-smack.release.xcconfig"; sourceTree = "<group>"; };
		8411D34CB0BB393BB22A211F /* Pods_smack.framework */ = {isa = PBXFileReference; explicitFileType = wrapper.framework; includeInIndex = 0; path = Pods_smack.framework; sourceTree = BUILT_PRODUCTS_DIR; };
		BD15B0204AB85C08B45D4379 /* Pods-smack.debug.xcconfig */ = {isa = PBXFileReference; includeInIndex = 1; lastKnownFileType = text.xcconfig; name = "Pods-smack.debug.xcconfig"; path = "Pods/Target Support Files/Pods-smack/Pods-smack.debug.xcconfig"; sourceTree = "<group>"; };
		FECEA5BC20A40FC600D1E36E /* smack.app */ = {isa = PBXFileReference; explicitFileType = wrapper.application; includeInIndex = 0; path = smack.app; sourceTree = BUILT_PRODUCTS_DIR; };
		FECEA5BF20A40FC600D1E36E /* AppDelegate.swift */ = {isa = PBXFileReference; lastKnownFileType = sourcecode.swift; path = AppDelegate.swift; sourceTree = "<group>"; };
		FECEA5C420A40FC600D1E36E /* Base */ = {isa = PBXFileReference; lastKnownFileType = file.storyboard; name = Base; path = Base.lproj/Main.storyboard; sourceTree = "<group>"; };
		FECEA5C620A40FC700D1E36E /* Assets.xcassets */ = {isa = PBXFileReference; lastKnownFileType = folder.assetcatalog; path = Assets.xcassets; sourceTree = "<group>"; };
		FECEA5C920A40FC700D1E36E /* Base */ = {isa = PBXFileReference; lastKnownFileType = file.storyboard; name = Base; path = Base.lproj/LaunchScreen.storyboard; sourceTree = "<group>"; };
		FECEA5CB20A40FC700D1E36E /* Info.plist */ = {isa = PBXFileReference; lastKnownFileType = text.plist.xml; path = Info.plist; sourceTree = "<group>"; };
		FECEA5D920A69DDD00D1E36E /* ChatVC.swift */ = {isa = PBXFileReference; lastKnownFileType = sourcecode.swift; path = ChatVC.swift; sourceTree = "<group>"; };
		FECEA5DB20A69DF200D1E36E /* ChannelVC.swift */ = {isa = PBXFileReference; lastKnownFileType = sourcecode.swift; path = ChannelVC.swift; sourceTree = "<group>"; };
		FECEA5E020A6A41300D1E36E /* smack-Bridging-Header.h */ = {isa = PBXFileReference; lastKnownFileType = sourcecode.c.h; path = "smack-Bridging-Header.h"; sourceTree = "<group>"; };
		FECEA5E120A6A41400D1E36E /* SWRevealViewController.h */ = {isa = PBXFileReference; fileEncoding = 4; lastKnownFileType = sourcecode.c.h; path = SWRevealViewController.h; sourceTree = "<group>"; };
		FECEA5E220A6A41400D1E36E /* SWRevealViewController.m */ = {isa = PBXFileReference; fileEncoding = 4; lastKnownFileType = sourcecode.c.objc; path = SWRevealViewController.m; sourceTree = "<group>"; };
		FECEA60720A6B6DC00D1E36E /* GradientView.swift */ = {isa = PBXFileReference; lastKnownFileType = sourcecode.swift; path = GradientView.swift; sourceTree = "<group>"; };
		FECEA60A20A6DC6200D1E36E /* Constants.swift */ = {isa = PBXFileReference; lastKnownFileType = sourcecode.swift; path = Constants.swift; sourceTree = "<group>"; };
		FECEA60C20A6E2E000D1E36E /* LoginVC.swift */ = {isa = PBXFileReference; lastKnownFileType = sourcecode.swift; path = LoginVC.swift; sourceTree = "<group>"; };
		FECEA60E20A6E83300D1E36E /* CreateAcountVC.swift */ = {isa = PBXFileReference; lastKnownFileType = sourcecode.swift; path = CreateAcountVC.swift; sourceTree = "<group>"; };
/* End PBXFileReference section */

/* Begin PBXFrameworksBuildPhase section */
		FECEA5B920A40FC600D1E36E /* Frameworks */ = {
			isa = PBXFrameworksBuildPhase;
			buildActionMask = 2147483647;
			files = (
				3A20BA8F9F101340F336A3EE /* Pods_smack.framework in Frameworks */,
			);
			runOnlyForDeploymentPostprocessing = 0;
		};
/* End PBXFrameworksBuildPhase section */

/* Begin PBXGroup section */
		3C622207F190570ACF44F81F /* Pods */ = {
			isa = PBXGroup;
			children = (
				BD15B0204AB85C08B45D4379 /* Pods-smack.debug.xcconfig */,
				7A88B6BA1365348F4BCD2A5F /* Pods-smack.release.xcconfig */,
			);
			name = Pods;
			sourceTree = "<group>";
		};
		9369A4A6A04209ED5C9CC095 /* Frameworks */ = {
			isa = PBXGroup;
			children = (
				8411D34CB0BB393BB22A211F /* Pods_smack.framework */,
			);
			name = Frameworks;
			sourceTree = "<group>";
		};
		FECEA5B320A40FC600D1E36E = {
			isa = PBXGroup;
			children = (
				FECEA5BE20A40FC600D1E36E /* smack */,
				FECEA5BD20A40FC600D1E36E /* Products */,
				3C622207F190570ACF44F81F /* Pods */,
				9369A4A6A04209ED5C9CC095 /* Frameworks */,
			);
			sourceTree = "<group>";
		};
		FECEA5BD20A40FC600D1E36E /* Products */ = {
			isa = PBXGroup;
			children = (
				FECEA5BC20A40FC600D1E36E /* smack.app */,
			);
			name = Products;
			sourceTree = "<group>";
		};
		FECEA5BE20A40FC600D1E36E /* smack */ = {
			isa = PBXGroup;
			children = (
				FECEA60920A6DC4200D1E36E /* Utilities */,
				FECEA5D820A69DBC00D1E36E /* Model */,
				FECEA5D720A69DB500D1E36E /* View */,
				FECEA5D620A69DAC00D1E36E /* Controller */,
				FECEA5D120A685DE00D1E36E /* Supporting Files */,
				FECEA5BF20A40FC600D1E36E /* AppDelegate.swift */,
				FECEA5C320A40FC600D1E36E /* Main.storyboard */,
				FECEA5C620A40FC700D1E36E /* Assets.xcassets */,
				FECEA5C820A40FC700D1E36E /* LaunchScreen.storyboard */,
				FECEA5CB20A40FC700D1E36E /* Info.plist */,
			);
			path = smack;
			sourceTree = "<group>";
		};
		FECEA5D120A685DE00D1E36E /* Supporting Files */ = {
			isa = PBXGroup;
			children = (
				FECEA5E120A6A41400D1E36E /* SWRevealViewController.h */,
				FECEA5E220A6A41400D1E36E /* SWRevealViewController.m */,
				FECEA5E020A6A41300D1E36E /* smack-Bridging-Header.h */,
			);
			path = "Supporting Files";
			sourceTree = "<group>";
		};
		FECEA5D620A69DAC00D1E36E /* Controller */ = {
			isa = PBXGroup;
			children = (
				FECEA5D920A69DDD00D1E36E /* ChatVC.swift */,
				FECEA5DB20A69DF200D1E36E /* ChannelVC.swift */,
				FECEA60C20A6E2E000D1E36E /* LoginVC.swift */,
				FECEA60E20A6E83300D1E36E /* CreateAcountVC.swift */,
			);
			path = Controller;
			sourceTree = "<group>";
		};
		FECEA5D720A69DB500D1E36E /* View */ = {
			isa = PBXGroup;
			children = (
				FECEA60720A6B6DC00D1E36E /* GradientView.swift */,
			);
			path = View;
			sourceTree = "<group>";
		};
		FECEA5D820A69DBC00D1E36E /* Model */ = {
			isa = PBXGroup;
			children = (
			);
			path = Model;
			sourceTree = "<group>";
		};
		FECEA60920A6DC4200D1E36E /* Utilities */ = {
			isa = PBXGroup;
			children = (
				FECEA60A20A6DC6200D1E36E /* Constants.swift */,
			);
			path = Utilities;
			sourceTree = "<group>";
		};
/* End PBXGroup section */

/* Begin PBXNativeTarget section */
		FECEA5BB20A40FC600D1E36E /* smack */ = {
			isa = PBXNativeTarget;
			buildConfigurationList = FECEA5CE20A40FC700D1E36E /* Build configuration list for PBXNativeTarget "smack" */;
			buildPhases = (
				115D2AE54BAFFFF787E6E36E /* [CP] Check Pods Manifest.lock */,
				FECEA5B820A40FC600D1E36E /* Sources */,
				FECEA5B920A40FC600D1E36E /* Frameworks */,
				FECEA5BA20A40FC600D1E36E /* Resources */,
				A5C7970052D95AA4A369402C /* [CP] Embed Pods Frameworks */,
				37610631B7E6BAD94BE13B2A /* [CP] Copy Pods Resources */,
			);
			buildRules = (
			);
			dependencies = (
			);
			name = smack;
			productName = smack;
			productReference = FECEA5BC20A40FC600D1E36E /* smack.app */;
			productType = "com.apple.product-type.application";
		};
/* End PBXNativeTarget section */

/* Begin PBXProject section */
		FECEA5B420A40FC600D1E36E /* Project object */ = {
			isa = PBXProject;
			attributes = {
				LastSwiftUpdateCheck = 0930;
				LastUpgradeCheck = 0930;
				ORGANIZATIONNAME = "竹中飛翔";
				TargetAttributes = {
					FECEA5BB20A40FC600D1E36E = {
						CreatedOnToolsVersion = 9.3;
						LastSwiftMigration = 0930;
						ProvisioningStyle = Automatic;
					};
				};
			};
			buildConfigurationList = FECEA5B720A40FC600D1E36E /* Build configuration list for PBXProject "smack" */;
			compatibilityVersion = "Xcode 8.0";
			developmentRegion = en;
			hasScannedForEncodings = 0;
			knownRegions = (
				en,
				Base,
			);
			mainGroup = FECEA5B320A40FC600D1E36E;
			productRefGroup = FECEA5BD20A40FC600D1E36E /* Products */;
			projectDirPath = "";
			projectRoot = "";
			targets = (
				FECEA5BB20A40FC600D1E36E /* smack */,
			);
		};
/* End PBXProject section */

/* Begin PBXResourcesBuildPhase section */
		FECEA5BA20A40FC600D1E36E /* Resources */ = {
			isa = PBXResourcesBuildPhase;
			buildActionMask = 2147483647;
			files = (
				FECEA5CA20A40FC700D1E36E /* LaunchScreen.storyboard in Resources */,
				FECEA5C720A40FC700D1E36E /* Assets.xcassets in Resources */,
				FECEA5C520A40FC600D1E36E /* Main.storyboard in Resources */,
			);
			runOnlyForDeploymentPostprocessing = 0;
		};
/* End PBXResourcesBuildPhase section */

/* Begin PBXShellScriptBuildPhase section */
		115D2AE54BAFFFF787E6E36E /* [CP] Check Pods Manifest.lock */ = {
			isa = PBXShellScriptBuildPhase;
			buildActionMask = 2147483647;
			files = (
			);
			inputPaths = (
				"${PODS_PODFILE_DIR_PATH}/Podfile.lock",
				"${PODS_ROOT}/Manifest.lock",
			);
			name = "[CP] Check Pods Manifest.lock";
			outputPaths = (
				"$(DERIVED_FILE_DIR)/Pods-smack-checkManifestLockResult.txt",
			);
			runOnlyForDeploymentPostprocessing = 0;
			shellPath = /bin/sh;
			shellScript = "diff \"${PODS_PODFILE_DIR_PATH}/Podfile.lock\" \"${PODS_ROOT}/Manifest.lock\" > /dev/null\nif [ $? != 0 ] ; then\n    # print error to STDERR\n    echo \"error: The sandbox is not in sync with the Podfile.lock. Run 'pod install' or update your CocoaPods installation.\" >&2\n    exit 1\nfi\n# This output is used by Xcode 'outputs' to avoid re-running this script phase.\necho \"SUCCESS\" > \"${SCRIPT_OUTPUT_FILE_0}\"\n";
			showEnvVarsInLog = 0;
		};
		37610631B7E6BAD94BE13B2A /* [CP] Copy Pods Resources */ = {
			isa = PBXShellScriptBuildPhase;
			buildActionMask = 2147483647;
			files = (
			);
			inputPaths = (
			);
			name = "[CP] Copy Pods Resources";
			outputPaths = (
			);
			runOnlyForDeploymentPostprocessing = 0;
			shellPath = /bin/sh;
			shellScript = "\"${SRCROOT}/Pods/Target Support Files/Pods-smack/Pods-smack-resources.sh\"\n";
			showEnvVarsInLog = 0;
		};
		A5C7970052D95AA4A369402C /* [CP] Embed Pods Frameworks */ = {
			isa = PBXShellScriptBuildPhase;
			buildActionMask = 2147483647;
			files = (
			);
			inputPaths = (
				"${SRCROOT}/Pods/Target Support Files/Pods-smack/Pods-smack-frameworks.sh",
				"${BUILT_PRODUCTS_DIR}/Alamofire/Alamofire.framework",
				"${BUILT_PRODUCTS_DIR}/Socket.IO-Client-Swift/SocketIO.framework",
				"${BUILT_PRODUCTS_DIR}/Starscream/Starscream.framework",
				"${BUILT_PRODUCTS_DIR}/SwiftyJSON/SwiftyJSON.framework",
			);
			name = "[CP] Embed Pods Frameworks";
			outputPaths = (
				"${TARGET_BUILD_DIR}/${FRAMEWORKS_FOLDER_PATH}/Alamofire.framework",
				"${TARGET_BUILD_DIR}/${FRAMEWORKS_FOLDER_PATH}/SocketIO.framework",
				"${TARGET_BUILD_DIR}/${FRAMEWORKS_FOLDER_PATH}/Starscream.framework",
				"${TARGET_BUILD_DIR}/${FRAMEWORKS_FOLDER_PATH}/SwiftyJSON.framework",
			);
			runOnlyForDeploymentPostprocessing = 0;
			shellPath = /bin/sh;
			shellScript = "\"${SRCROOT}/Pods/Target Support Files/Pods-smack/Pods-smack-frameworks.sh\"\n";
			showEnvVarsInLog = 0;
		};
/* End PBXShellScriptBuildPhase section */

/* Begin PBXSourcesBuildPhase section */
		FECEA5B820A40FC600D1E36E /* Sources */ = {
			isa = PBXSourcesBuildPhase;
			buildActionMask = 2147483647;
			files = (
				FECEA60F20A6E83300D1E36E /* CreateAcountVC.swift in Sources */,
				FECEA5DC20A69DF200D1E36E /* ChannelVC.swift in Sources */,
				FECEA5DA20A69DDD00D1E36E /* ChatVC.swift in Sources */,
				FECEA60D20A6E2E000D1E36E /* LoginVC.swift in Sources */,
				FECEA60820A6B6DC00D1E36E /* GradientView.swift in Sources */,
				FECEA5C020A40FC600D1E36E /* AppDelegate.swift in Sources */,
				FECEA5E320A6A41500D1E36E /* SWRevealViewController.m in Sources */,
				FECEA60B20A6DC6200D1E36E /* Constants.swift in Sources */,
			);
			runOnlyForDeploymentPostprocessing = 0;
		};
/* End PBXSourcesBuildPhase section */

/* Begin PBXVariantGroup section */
		FECEA5C320A40FC600D1E36E /* Main.storyboard */ = {
			isa = PBXVariantGroup;
			children = (
				FECEA5C420A40FC600D1E36E /* Base */,
			);
			name = Main.storyboard;
			sourceTree = "<group>";
		};
		FECEA5C820A40FC700D1E36E /* LaunchScreen.storyboard */ = {
			isa = PBXVariantGroup;
			children = (
				FECEA5C920A40FC700D1E36E /* Base */,
			);
			name = LaunchScreen.storyboard;
			sourceTree = "<group>";
		};
/* End PBXVariantGroup section */

/* Begin XCBuildConfiguration section */
		FECEA5CC20A40FC700D1E36E /* Debug */ = {
			isa = XCBuildConfiguration;
			buildSettings = {
				ALWAYS_SEARCH_USER_PATHS = NO;
				CLANG_ANALYZER_NONNULL = YES;
				CLANG_ANALYZER_NUMBER_OBJECT_CONVERSION = YES_AGGRESSIVE;
				CLANG_CXX_LANGUAGE_STANDARD = "gnu++14";
				CLANG_CXX_LIBRARY = "libc++";
				CLANG_ENABLE_MODULES = YES;
				CLANG_ENABLE_OBJC_ARC = YES;
				CLANG_ENABLE_OBJC_WEAK = YES;
				CLANG_WARN_BLOCK_CAPTURE_AUTORELEASING = YES;
				CLANG_WARN_BOOL_CONVERSION = YES;
				CLANG_WARN_COMMA = YES;
				CLANG_WARN_CONSTANT_CONVERSION = YES;
				CLANG_WARN_DEPRECATED_OBJC_IMPLEMENTATIONS = YES;
				CLANG_WARN_DIRECT_OBJC_ISA_USAGE = YES_ERROR;
				CLANG_WARN_DOCUMENTATION_COMMENTS = YES;
				CLANG_WARN_EMPTY_BODY = YES;
				CLANG_WARN_ENUM_CONVERSION = YES;
				CLANG_WARN_INFINITE_RECURSION = YES;
				CLANG_WARN_INT_CONVERSION = YES;
				CLANG_WARN_NON_LITERAL_NULL_CONVERSION = YES;
				CLANG_WARN_OBJC_IMPLICIT_RETAIN_SELF = YES;
				CLANG_WARN_OBJC_LITERAL_CONVERSION = YES;
				CLANG_WARN_OBJC_ROOT_CLASS = YES_ERROR;
				CLANG_WARN_RANGE_LOOP_ANALYSIS = YES;
				CLANG_WARN_STRICT_PROTOTYPES = YES;
				CLANG_WARN_SUSPICIOUS_MOVE = YES;
				CLANG_WARN_UNGUARDED_AVAILABILITY = YES_AGGRESSIVE;
				CLANG_WARN_UNREACHABLE_CODE = YES;
				CLANG_WARN__DUPLICATE_METHOD_MATCH = YES;
				CODE_SIGN_IDENTITY = "iPhone Developer";
				COPY_PHASE_STRIP = NO;
				DEBUG_INFORMATION_FORMAT = dwarf;
				ENABLE_STRICT_OBJC_MSGSEND = YES;
				ENABLE_TESTABILITY = YES;
				GCC_C_LANGUAGE_STANDARD = gnu11;
				GCC_DYNAMIC_NO_PIC = NO;
				GCC_NO_COMMON_BLOCKS = YES;
				GCC_OPTIMIZATION_LEVEL = 0;
				GCC_PREPROCESSOR_DEFINITIONS = (
					"DEBUG=1",
					"$(inherited)",
				);
				GCC_WARN_64_TO_32_BIT_CONVERSION = YES;
				GCC_WARN_ABOUT_RETURN_TYPE = YES_ERROR;
				GCC_WARN_UNDECLARED_SELECTOR = YES;
				GCC_WARN_UNINITIALIZED_AUTOS = YES_AGGRESSIVE;
				GCC_WARN_UNUSED_FUNCTION = YES;
				GCC_WARN_UNUSED_VARIABLE = YES;
				IPHONEOS_DEPLOYMENT_TARGET = 11.3;
				MTL_ENABLE_DEBUG_INFO = YES;
				ONLY_ACTIVE_ARCH = YES;
				SDKROOT = iphoneos;
				SWIFT_ACTIVE_COMPILATION_CONDITIONS = DEBUG;
				SWIFT_OPTIMIZATION_LEVEL = "-Onone";
			};
			name = Debug;
		};
		FECEA5CD20A40FC700D1E36E /* Release */ = {
			isa = XCBuildConfiguration;
			buildSettings = {
				ALWAYS_SEARCH_USER_PATHS = NO;
				CLANG_ANALYZER_NONNULL = YES;
				CLANG_ANALYZER_NUMBER_OBJECT_CONVERSION = YES_AGGRESSIVE;
				CLANG_CXX_LANGUAGE_STANDARD = "gnu++14";
				CLANG_CXX_LIBRARY = "libc++";
				CLANG_ENABLE_MODULES = YES;
				CLANG_ENABLE_OBJC_ARC = YES;
				CLANG_ENABLE_OBJC_WEAK = YES;
				CLANG_WARN_BLOCK_CAPTURE_AUTORELEASING = YES;
				CLANG_WARN_BOOL_CONVERSION = YES;
				CLANG_WARN_COMMA = YES;
				CLANG_WARN_CONSTANT_CONVERSION = YES;
				CLANG_WARN_DEPRECATED_OBJC_IMPLEMENTATIONS = YES;
				CLANG_WARN_DIRECT_OBJC_ISA_USAGE = YES_ERROR;
				CLANG_WARN_DOCUMENTATION_COMMENTS = YES;
				CLANG_WARN_EMPTY_BODY = YES;
				CLANG_WARN_ENUM_CONVERSION = YES;
				CLANG_WARN_INFINITE_RECURSION = YES;
				CLANG_WARN_INT_CONVERSION = YES;
				CLANG_WARN_NON_LITERAL_NULL_CONVERSION = YES;
				CLANG_WARN_OBJC_IMPLICIT_RETAIN_SELF = YES;
				CLANG_WARN_OBJC_LITERAL_CONVERSION = YES;
				CLANG_WARN_OBJC_ROOT_CLASS = YES_ERROR;
				CLANG_WARN_RANGE_LOOP_ANALYSIS = YES;
				CLANG_WARN_STRICT_PROTOTYPES = YES;
				CLANG_WARN_SUSPICIOUS_MOVE = YES;
				CLANG_WARN_UNGUARDED_AVAILABILITY = YES_AGGRESSIVE;
				CLANG_WARN_UNREACHABLE_CODE = YES;
				CLANG_WARN__DUPLICATE_METHOD_MATCH = YES;
				CODE_SIGN_IDENTITY = "iPhone Developer";
				COPY_PHASE_STRIP = NO;
				DEBUG_INFORMATION_FORMAT = "dwarf-with-dsym";
				ENABLE_NS_ASSERTIONS = NO;
				ENABLE_STRICT_OBJC_MSGSEND = YES;
				GCC_C_LANGUAGE_STANDARD = gnu11;
				GCC_NO_COMMON_BLOCKS = YES;
				GCC_WARN_64_TO_32_BIT_CONVERSION = YES;
				GCC_WARN_ABOUT_RETURN_TYPE = YES_ERROR;
				GCC_WARN_UNDECLARED_SELECTOR = YES;
				GCC_WARN_UNINITIALIZED_AUTOS = YES_AGGRESSIVE;
				GCC_WARN_UNUSED_FUNCTION = YES;
				GCC_WARN_UNUSED_VARIABLE = YES;
				IPHONEOS_DEPLOYMENT_TARGET = 11.3;
				MTL_ENABLE_DEBUG_INFO = NO;
				SDKROOT = iphoneos;
				SWIFT_OPTIMIZATION_LEVEL = "-Owholemodule";
				VALIDATE_PRODUCT = YES;
			};
			name = Release;
		};
		FECEA5CF20A40FC700D1E36E /* Debug */ = {
			isa = XCBuildConfiguration;
			baseConfigurationReference = BD15B0204AB85C08B45D4379 /* Pods-smack.debug.xcconfig */;
			buildSettings = {
				ASSETCATALOG_COMPILER_APPICON_NAME = AppIcon;
				CLANG_ENABLE_MODULES = YES;
				CODE_SIGN_STYLE = Automatic;
				DEVELOPMENT_TEAM = NG7J8PW9Y2;
				INFOPLIST_FILE = smack/Info.plist;
				LD_RUNPATH_SEARCH_PATHS = "$(inherited) @executable_path/Frameworks";
				PRODUCT_BUNDLE_IDENTIFIER = taketsuba.smack;
				PRODUCT_NAME = "$(TARGET_NAME)";
				SWIFT_OBJC_BRIDGING_HEADER = "smack/Supporting Files/smack-Bridging-Header.h";
				SWIFT_OPTIMIZATION_LEVEL = "-Onone";
				SWIFT_VERSION = 4.0;
				TARGETED_DEVICE_FAMILY = "1,2";
			};
			name = Debug;
		};
		FECEA5D020A40FC700D1E36E /* Release */ = {
			isa = XCBuildConfiguration;
			baseConfigurationReference = 7A88B6BA1365348F4BCD2A5F /* Pods-smack.release.xcconfig */;
			buildSettings = {
				ASSETCATALOG_COMPILER_APPICON_NAME = AppIcon;
				CLANG_ENABLE_MODULES = YES;
				CODE_SIGN_STYLE = Automatic;
				DEVELOPMENT_TEAM = NG7J8PW9Y2;
				INFOPLIST_FILE = smack/Info.plist;
				LD_RUNPATH_SEARCH_PATHS = "$(inherited) @executable_path/Frameworks";
				PRODUCT_BUNDLE_IDENTIFIER = taketsuba.smack;
				PRODUCT_NAME = "$(TARGET_NAME)";
				SWIFT_OBJC_BRIDGING_HEADER = "smack/Supporting Files/smack-Bridging-Header.h";
				SWIFT_VERSION = 4.0;
				TARGETED_DEVICE_FAMILY = "1,2";
			};
			name = Release;
		};
/* End XCBuildConfiguration section */

/* Begin XCConfigurationList section */
		FECEA5B720A40FC600D1E36E /* Build configuration list for PBXProject "smack" */ = {
			isa = XCConfigurationList;
			buildConfigurations = (
				FECEA5CC20A40FC700D1E36E /* Debug */,
				FECEA5CD20A40FC700D1E36E /* Release */,
			);
			defaultConfigurationIsVisible = 0;
			defaultConfigurationName = Release;
		};
		FECEA5CE20A40FC700D1E36E /* Build configuration list for PBXNativeTarget "smack" */ = {
			isa = XCConfigurationList;
			buildConfigurations = (
				FECEA5CF20A40FC700D1E36E /* Debug */,
				FECEA5D020A40FC700D1E36E /* Release */,
			);
			defaultConfigurationIsVisible = 0;
			defaultConfigurationName = Release;
		};
/* End XCConfigurationList section */
	};
	rootObject = FECEA5B420A40FC600D1E36E /* Project object */;
}
